// !$*UTF8*$!
{
	archiveVersion = 1;
	classes = {
	};
	objectVersion = 55;
	objects = {

/* Begin PBXBuildFile section */
		AF919C4328E9A8A800FE36C8 /* Hacker_NewsApp.swift in Sources */ = {isa = PBXBuildFile; fileRef = AF919C4228E9A8A800FE36C8 /* Hacker_NewsApp.swift */; };
		AF919C4528E9A8A800FE36C8 /* ContentView.swift in Sources */ = {isa = PBXBuildFile; fileRef = AF919C4428E9A8A800FE36C8 /* ContentView.swift */; };
		AF919C4728E9A8A800FE36C8 /* Assets.xcassets in Resources */ = {isa = PBXBuildFile; fileRef = AF919C4628E9A8A800FE36C8 /* Assets.xcassets */; };
		AF919C4A28E9A8A800FE36C8 /* Preview Assets.xcassets in Resources */ = {isa = PBXBuildFile; fileRef = AF919C4928E9A8A800FE36C8 /* Preview Assets.xcassets */; };
		AF919C5428E9A8A900FE36C8 /* Hacker_NewsTests.swift in Sources */ = {isa = PBXBuildFile; fileRef = AF919C5328E9A8A900FE36C8 /* Hacker_NewsTests.swift */; };
		AF919C5E28E9A8A900FE36C8 /* Hacker_NewsUITests.swift in Sources */ = {isa = PBXBuildFile; fileRef = AF919C5D28E9A8A900FE36C8 /* Hacker_NewsUITests.swift */; };
		AF919C6028E9A8A900FE36C8 /* Hacker_NewsUITestsLaunchTests.swift in Sources */ = {isa = PBXBuildFile; fileRef = AF919C5F28E9A8A900FE36C8 /* Hacker_NewsUITestsLaunchTests.swift */; };
		AF919C6E28E9B16F00FE36C8 /* Network Manager.swift in Sources */ = {isa = PBXBuildFile; fileRef = AF919C6D28E9B16F00FE36C8 /* Network Manager.swift */; };
		AF919C7028E9B45400FE36C8 /* Post Data.swift in Sources */ = {isa = PBXBuildFile; fileRef = AF919C6F28E9B45400FE36C8 /* Post Data.swift */; };
		AFAFB5F828ED5FFE00A3F8E7 /* DetailView.swift in Sources */ = {isa = PBXBuildFile; fileRef = AFAFB5F728ED5FFE00A3F8E7 /* DetailView.swift */; };
		AFAFB5FA28ED686000A3F8E7 /* WebView.swift in Sources */ = {isa = PBXBuildFile; fileRef = AFAFB5F928ED686000A3F8E7 /* WebView.swift */; };
/* End PBXBuildFile section */

/* Begin PBXContainerItemProxy section */
		AF919C5028E9A8A900FE36C8 /* PBXContainerItemProxy */ = {
			isa = PBXContainerItemProxy;
			containerPortal = AF919C3728E9A8A800FE36C8 /* Project object */;
			proxyType = 1;
			remoteGlobalIDString = AF919C3E28E9A8A800FE36C8;
			remoteInfo = "Hacker News";
		};
		AF919C5A28E9A8A900FE36C8 /* PBXContainerItemProxy */ = {
			isa = PBXContainerItemProxy;
			containerPortal = AF919C3728E9A8A800FE36C8 /* Project object */;
			proxyType = 1;
			remoteGlobalIDString = AF919C3E28E9A8A800FE36C8;
			remoteInfo = "Hacker News";
		};
/* End PBXContainerItemProxy section */

/* Begin PBXFileReference section */
		AF919C3F28E9A8A800FE36C8 /* Hacker News.app */ = {isa = PBXFileReference; explicitFileType = wrapper.application; includeInIndex = 0; path = "Hacker News.app"; sourceTree = BUILT_PRODUCTS_DIR; };
		AF919C4228E9A8A800FE36C8 /* Hacker_NewsApp.swift */ = {isa = PBXFileReference; lastKnownFileType = sourcecode.swift; path = Hacker_NewsApp.swift; sourceTree = "<group>"; };
		AF919C4428E9A8A800FE36C8 /* ContentView.swift */ = {isa = PBXFileReference; lastKnownFileType = sourcecode.swift; path = ContentView.swift; sourceTree = "<group>"; };
		AF919C4628E9A8A800FE36C8 /* Assets.xcassets */ = {isa = PBXFileReference; lastKnownFileType = folder.assetcatalog; path = Assets.xcassets; sourceTree = "<group>"; };
		AF919C4928E9A8A800FE36C8 /* Preview Assets.xcassets */ = {isa = PBXFileReference; lastKnownFileType = folder.assetcatalog; path = "Preview Assets.xcassets"; sourceTree = "<group>"; };
		AF919C4F28E9A8A900FE36C8 /* Hacker NewsTests.xctest */ = {isa = PBXFileReference; explicitFileType = wrapper.cfbundle; includeInIndex = 0; path = "Hacker NewsTests.xctest"; sourceTree = BUILT_PRODUCTS_DIR; };
		AF919C5328E9A8A900FE36C8 /* Hacker_NewsTests.swift */ = {isa = PBXFileReference; lastKnownFileType = sourcecode.swift; path = Hacker_NewsTests.swift; sourceTree = "<group>"; };
		AF919C5928E9A8A900FE36C8 /* Hacker NewsUITests.xctest */ = {isa = PBXFileReference; explicitFileType = wrapper.cfbundle; includeInIndex = 0; path = "Hacker NewsUITests.xctest"; sourceTree = BUILT_PRODUCTS_DIR; };
		AF919C5D28E9A8A900FE36C8 /* Hacker_NewsUITests.swift */ = {isa = PBXFileReference; lastKnownFileType = sourcecode.swift; path = Hacker_NewsUITests.swift; sourceTree = "<group>"; };
		AF919C5F28E9A8A900FE36C8 /* Hacker_NewsUITestsLaunchTests.swift */ = {isa = PBXFileReference; lastKnownFileType = sourcecode.swift; path = Hacker_NewsUITestsLaunchTests.swift; sourceTree = "<group>"; };
		AF919C6D28E9B16F00FE36C8 /* Network Manager.swift */ = {isa = PBXFileReference; lastKnownFileType = sourcecode.swift; path = "Network Manager.swift"; sourceTree = "<group>"; };
		AF919C6F28E9B45400FE36C8 /* Post Data.swift */ = {isa = PBXFileReference; lastKnownFileType = sourcecode.swift; path = "Post Data.swift"; sourceTree = "<group>"; };
		AFAFB5F728ED5FFE00A3F8E7 /* DetailView.swift */ = {isa = PBXFileReference; lastKnownFileType = sourcecode.swift; path = DetailView.swift; sourceTree = "<group>"; };
		AFAFB5F928ED686000A3F8E7 /* WebView.swift */ = {isa = PBXFileReference; lastKnownFileType = sourcecode.swift; path = WebView.swift; sourceTree = "<group>"; };
/* End PBXFileReference section */

/* Begin PBXFrameworksBuildPhase section */
		AF919C3C28E9A8A800FE36C8 /* Frameworks */ = {
			isa = PBXFrameworksBuildPhase;
			buildActionMask = 2147483647;
			files = (
			);
			runOnlyForDeploymentPostprocessing = 0;
		};
		AF919C4C28E9A8A900FE36C8 /* Frameworks */ = {
			isa = PBXFrameworksBuildPhase;
			buildActionMask = 2147483647;
			files = (
			);
			runOnlyForDeploymentPostprocessing = 0;
		};
		AF919C5628E9A8A900FE36C8 /* Frameworks */ = {
			isa = PBXFrameworksBuildPhase;
			buildActionMask = 2147483647;
			files = (
			);
			runOnlyForDeploymentPostprocessing = 0;
		};
/* End PBXFrameworksBuildPhase section */

/* Begin PBXGroup section */
		AF919C3628E9A8A800FE36C8 = {
			isa = PBXGroup;
			children = (
				AF919C4128E9A8A800FE36C8 /* Hacker News */,
				AF919C5228E9A8A900FE36C8 /* Hacker NewsTests */,
				AF919C5C28E9A8A900FE36C8 /* Hacker NewsUITests */,
				AF919C4028E9A8A800FE36C8 /* Products */,
			);
			sourceTree = "<group>";
		};
		AF919C4028E9A8A800FE36C8 /* Products */ = {
			isa = PBXGroup;
			children = (
				AF919C3F28E9A8A800FE36C8 /* Hacker News.app */,
				AF919C4F28E9A8A900FE36C8 /* Hacker NewsTests.xctest */,
				AF919C5928E9A8A900FE36C8 /* Hacker NewsUITests.xctest */,
			);
			name = Products;
			sourceTree = "<group>";
		};
		AF919C4128E9A8A800FE36C8 /* Hacker News */ = {
			isa = PBXGroup;
			children = (
				AF919C4228E9A8A800FE36C8 /* Hacker_NewsApp.swift */,
				AFAFB5F628ED5FBA00A3F8E7 /* View */,
				AF919C6C28E9B14100FE36C8 /* Models */,
				AF919C4628E9A8A800FE36C8 /* Assets.xcassets */,
				AF919C4828E9A8A800FE36C8 /* Preview Content */,
			);
			path = "Hacker News";
			sourceTree = "<group>";
		};
		AF919C4828E9A8A800FE36C8 /* Preview Content */ = {
			isa = PBXGroup;
			children = (
				AF919C4928E9A8A800FE36C8 /* Preview Assets.xcassets */,
			);
			path = "Preview Content";
			sourceTree = "<group>";
		};
		AF919C5228E9A8A900FE36C8 /* Hacker NewsTests */ = {
			isa = PBXGroup;
			children = (
				AF919C5328E9A8A900FE36C8 /* Hacker_NewsTests.swift */,
			);
			path = "Hacker NewsTests";
			sourceTree = "<group>";
		};
		AF919C5C28E9A8A900FE36C8 /* Hacker NewsUITests */ = {
			isa = PBXGroup;
			children = (
				AF919C5D28E9A8A900FE36C8 /* Hacker_NewsUITests.swift */,
				AF919C5F28E9A8A900FE36C8 /* Hacker_NewsUITestsLaunchTests.swift */,
			);
			path = "Hacker NewsUITests";
			sourceTree = "<group>";
		};
		AF919C6C28E9B14100FE36C8 /* Models */ = {
			isa = PBXGroup;
			children = (
				AF919C6D28E9B16F00FE36C8 /* Network Manager.swift */,
				AF919C6F28E9B45400FE36C8 /* Post Data.swift */,
			);
			path = Models;
			sourceTree = "<group>";
		};
		AFAFB5F628ED5FBA00A3F8E7 /* View */ = {
			isa = PBXGroup;
			children = (
				AF919C4428E9A8A800FE36C8 /* ContentView.swift */,
				AFAFB5F728ED5FFE00A3F8E7 /* DetailView.swift */,
				AFAFB5F928ED686000A3F8E7 /* WebView.swift */,
			);
			path = View;
			sourceTree = "<group>";
		};
/* End PBXGroup section */

/* Begin PBXNativeTarget section */
		AF919C3E28E9A8A800FE36C8 /* Hacker News */ = {
			isa = PBXNativeTarget;
			buildConfigurationList = AF919C6328E9A8A900FE36C8 /* Build configuration list for PBXNativeTarget "Hacker News" */;
			buildPhases = (
				AF919C3B28E9A8A800FE36C8 /* Sources */,
				AF919C3C28E9A8A800FE36C8 /* Frameworks */,
				AF919C3D28E9A8A800FE36C8 /* Resources */,
			);
			buildRules = (
			);
			dependencies = (
			);
			name = "Hacker News";
			productName = "Hacker News";
			productReference = AF919C3F28E9A8A800FE36C8 /* Hacker News.app */;
			productType = "com.apple.product-type.application";
		};
		AF919C4E28E9A8A900FE36C8 /* Hacker NewsTests */ = {
			isa = PBXNativeTarget;
			buildConfigurationList = AF919C6628E9A8A900FE36C8 /* Build configuration list for PBXNativeTarget "Hacker NewsTests" */;
			buildPhases = (
				AF919C4B28E9A8A900FE36C8 /* Sources */,
				AF919C4C28E9A8A900FE36C8 /* Frameworks */,
				AF919C4D28E9A8A900FE36C8 /* Resources */,
			);
			buildRules = (
			);
			dependencies = (
				AF919C5128E9A8A900FE36C8 /* PBXTargetDependency */,
			);
			name = "Hacker NewsTests";
			productName = "Hacker NewsTests";
			productReference = AF919C4F28E9A8A900FE36C8 /* Hacker NewsTests.xctest */;
			productType = "com.apple.product-type.bundle.unit-test";
		};
		AF919C5828E9A8A900FE36C8 /* Hacker NewsUITests */ = {
			isa = PBXNativeTarget;
			buildConfigurationList = AF919C6928E9A8A900FE36C8 /* Build configuration list for PBXNativeTarget "Hacker NewsUITests" */;
			buildPhases = (
				AF919C5528E9A8A900FE36C8 /* Sources */,
				AF919C5628E9A8A900FE36C8 /* Frameworks */,
				AF919C5728E9A8A900FE36C8 /* Resources */,
			);
			buildRules = (
			);
			dependencies = (
				AF919C5B28E9A8A900FE36C8 /* PBXTargetDependency */,
			);
			name = "Hacker NewsUITests";
			productName = "Hacker NewsUITests";
			productReference = AF919C5928E9A8A900FE36C8 /* Hacker NewsUITests.xctest */;
			productType = "com.apple.product-type.bundle.ui-testing";
		};
/* End PBXNativeTarget section */

/* Begin PBXProject section */
		AF919C3728E9A8A800FE36C8 /* Project object */ = {
			isa = PBXProject;
			attributes = {
				BuildIndependentTargetsInParallel = 1;
				LastSwiftUpdateCheck = 1340;
				LastUpgradeCheck = 1340;
				TargetAttributes = {
					AF919C3E28E9A8A800FE36C8 = {
						CreatedOnToolsVersion = 13.4.1;
					};
					AF919C4E28E9A8A900FE36C8 = {
						CreatedOnToolsVersion = 13.4.1;
						TestTargetID = AF919C3E28E9A8A800FE36C8;
					};
					AF919C5828E9A8A900FE36C8 = {
						CreatedOnToolsVersion = 13.4.1;
						TestTargetID = AF919C3E28E9A8A800FE36C8;
					};
				};
			};
			buildConfigurationList = AF919C3A28E9A8A800FE36C8 /* Build configuration list for PBXProject "Hacker News" */;
			compatibilityVersion = "Xcode 13.0";
			developmentRegion = en;
			hasScannedForEncodings = 0;
			knownRegions = (
				en,
				Base,
			);
			mainGroup = AF919C3628E9A8A800FE36C8;
			productRefGroup = AF919C4028E9A8A800FE36C8 /* Products */;
			projectDirPath = "";
			projectRoot = "";
			targets = (
				AF919C3E28E9A8A800FE36C8 /* Hacker News */,
				AF919C4E28E9A8A900FE36C8 /* Hacker NewsTests */,
				AF919C5828E9A8A900FE36C8 /* Hacker NewsUITests */,
			);
		};
/* End PBXProject section */

/* Begin PBXResourcesBuildPhase section */
		AF919C3D28E9A8A800FE36C8 /* Resources */ = {
			isa = PBXResourcesBuildPhase;
			buildActionMask = 2147483647;
			files = (
				AF919C4A28E9A8A800FE36C8 /* Preview Assets.xcassets in Resources */,
				AF919C4728E9A8A800FE36C8 /* Assets.xcassets in Resources */,
			);
			runOnlyForDeploymentPostprocessing = 0;
		};
		AF919C4D28E9A8A900FE36C8 /* Resources */ = {
			isa = PBXResourcesBuildPhase;
			buildActionMask = 2147483647;
			files = (
			);
			runOnlyForDeploymentPostprocessing = 0;
		};
		AF919C5728E9A8A900FE36C8 /* Resources */ = {
			isa = PBXResourcesBuildPhase;
			buildActionMask = 2147483647;
			files = (
			);
			runOnlyForDeploymentPostprocessing = 0;
		};
/* End PBXResourcesBuildPhase section */

/* Begin PBXSourcesBuildPhase section */
		AF919C3B28E9A8A800FE36C8 /* Sources */ = {
			isa = PBXSourcesBuildPhase;
			buildActionMask = 2147483647;
			files = (
				AF919C4528E9A8A800FE36C8 /* ContentView.swift in Sources */,
				AF919C4328E9A8A800FE36C8 /* Hacker_NewsApp.swift in Sources */,
				AF919C7028E9B45400FE36C8 /* Post Data.swift in Sources */,
				AFAFB5FA28ED686000A3F8E7 /* WebView.swift in Sources */,
				AFAFB5F828ED5FFE00A3F8E7 /* DetailView.swift in Sources */,
				AF919C6E28E9B16F00FE36C8 /* Network Manager.swift in Sources */,
			);
			runOnlyForDeploymentPostprocessing = 0;
		};
		AF919C4B28E9A8A900FE36C8 /* Sources */ = {
			isa = PBXSourcesBuildPhase;
			buildActionMask = 2147483647;
			files = (
				AF919C5428E9A8A900FE36C8 /* Hacker_NewsTests.swift in Sources */,
			);
			runOnlyForDeploymentPostprocessing = 0;
		};
		AF919C5528E9A8A900FE36C8 /* Sources */ = {
			isa = PBXSourcesBuildPhase;
			buildActionMask = 2147483647;
			files = (
				AF919C5E28E9A8A900FE36C8 /* Hacker_NewsUITests.swift in Sources */,
				AF919C6028E9A8A900FE36C8 /* Hacker_NewsUITestsLaunchTests.swift in Sources */,
			);
			runOnlyForDeploymentPostprocessing = 0;
		};
/* End PBXSourcesBuildPhase section */

/* Begin PBXTargetDependency section */
		AF919C5128E9A8A900FE36C8 /* PBXTargetDependency */ = {
			isa = PBXTargetDependency;
			target = AF919C3E28E9A8A800FE36C8 /* Hacker News */;
			targetProxy = AF919C5028E9A8A900FE36C8 /* PBXContainerItemProxy */;
		};
		AF919C5B28E9A8A900FE36C8 /* PBXTargetDependency */ = {
			isa = PBXTargetDependency;
			target = AF919C3E28E9A8A800FE36C8 /* Hacker News */;
			targetProxy = AF919C5A28E9A8A900FE36C8 /* PBXContainerItemProxy */;
		};
/* End PBXTargetDependency section */

/* Begin XCBuildConfiguration section */
		AF919C6128E9A8A900FE36C8 /* Debug */ = {
			isa = XCBuildConfiguration;
			buildSettings = {
				ALWAYS_SEARCH_USER_PATHS = NO;
				CLANG_ANALYZER_NONNULL = YES;
				CLANG_ANALYZER_NUMBER_OBJECT_CONVERSION = YES_AGGRESSIVE;
				CLANG_CXX_LANGUAGE_STANDARD = "gnu++17";
				CLANG_ENABLE_MODULES = YES;
				CLANG_ENABLE_OBJC_ARC = YES;
				CLANG_ENABLE_OBJC_WEAK = YES;
				CLANG_WARN_BLOCK_CAPTURE_AUTORELEASING = YES;
				CLANG_WARN_BOOL_CONVERSION = YES;
				CLANG_WARN_COMMA = YES;
				CLANG_WARN_CONSTANT_CONVERSION = YES;
				CLANG_WARN_DEPRECATED_OBJC_IMPLEMENTATIONS = YES;
				CLANG_WARN_DIRECT_OBJC_ISA_USAGE = YES_ERROR;
				CLANG_WARN_DOCUMENTATION_COMMENTS = YES;
				CLANG_WARN_EMPTY_BODY = YES;
				CLANG_WARN_ENUM_CONVERSION = YES;
				CLANG_WARN_INFINITE_RECURSION = YES;
				CLANG_WARN_INT_CONVERSION = YES;
				CLANG_WARN_NON_LITERAL_NULL_CONVERSION = YES;
				CLANG_WARN_OBJC_IMPLICIT_RETAIN_SELF = YES;
				CLANG_WARN_OBJC_LITERAL_CONVERSION = YES;
				CLANG_WARN_OBJC_ROOT_CLASS = YES_ERROR;
				CLANG_WARN_QUOTED_INCLUDE_IN_FRAMEWORK_HEADER = YES;
				CLANG_WARN_RANGE_LOOP_ANALYSIS = YES;
				CLANG_WARN_STRICT_PROTOTYPES = YES;
				CLANG_WARN_SUSPICIOUS_MOVE = YES;
				CLANG_WARN_UNGUARDED_AVAILABILITY = YES_AGGRESSIVE;
				CLANG_WARN_UNREACHABLE_CODE = YES;
				CLANG_WARN__DUPLICATE_METHOD_MATCH = YES;
				COPY_PHASE_STRIP = NO;
				DEBUG_INFORMATION_FORMAT = dwarf;
				ENABLE_STRICT_OBJC_MSGSEND = YES;
				ENABLE_TESTABILITY = YES;
				GCC_C_LANGUAGE_STANDARD = gnu11;
				GCC_DYNAMIC_NO_PIC = NO;
				GCC_NO_COMMON_BLOCKS = YES;
				GCC_OPTIMIZATION_LEVEL = 0;
				GCC_PREPROCESSOR_DEFINITIONS = (
					"DEBUG=1",
					"$(inherited)",
				);
				GCC_WARN_64_TO_32_BIT_CONVERSION = YES;
				GCC_WARN_ABOUT_RETURN_TYPE = YES_ERROR;
				GCC_WARN_UNDECLARED_SELECTOR = YES;
				GCC_WARN_UNINITIALIZED_AUTOS = YES_AGGRESSIVE;
				GCC_WARN_UNUSED_FUNCTION = YES;
				GCC_WARN_UNUSED_VARIABLE = YES;
				IPHONEOS_DEPLOYMENT_TARGET = 15.5;
				MTL_ENABLE_DEBUG_INFO = INCLUDE_SOURCE;
				MTL_FAST_MATH = YES;
				ONLY_ACTIVE_ARCH = YES;
				SDKROOT = iphoneos;
				SWIFT_ACTIVE_COMPILATION_CONDITIONS = DEBUG;
				SWIFT_OPTIMIZATION_LEVEL = "-Onone";
			};
			name = Debug;
		};
		AF919C6228E9A8A900FE36C8 /* Release */ = {
			isa = XCBuildConfiguration;
			buildSettings = {
				ALWAYS_SEARCH_USER_PATHS = NO;
				CLANG_ANALYZER_NONNULL = YES;
				CLANG_ANALYZER_NUMBER_OBJECT_CONVERSION = YES_AGGRESSIVE;
				CLANG_CXX_LANGUAGE_STANDARD = "gnu++17";
				CLANG_ENABLE_MODULES = YES;
				CLANG_ENABLE_OBJC_ARC = YES;
				CLANG_ENABLE_OBJC_WEAK = YES;
				CLANG_WARN_BLOCK_CAPTURE_AUTORELEASING = YES;
				CLANG_WARN_BOOL_CONVERSION = YES;
				CLANG_WARN_COMMA = YES;
				CLANG_WARN_CONSTANT_CONVERSION = YES;
				CLANG_WARN_DEPRECATED_OBJC_IMPLEMENTATIONS = YES;
				CLANG_WARN_DIRECT_OBJC_ISA_USAGE = YES_ERROR;
				CLANG_WARN_DOCUMENTATION_COMMENTS = YES;
				CLANG_WARN_EMPTY_BODY = YES;
				CLANG_WARN_ENUM_CONVERSION = YES;
				CLANG_WARN_INFINITE_RECURSION = YES;
				CLANG_WARN_INT_CONVERSION = YES;
				CLANG_WARN_NON_LITERAL_NULL_CONVERSION = YES;
				CLANG_WARN_OBJC_IMPLICIT_RETAIN_SELF = YES;
				CLANG_WARN_OBJC_LITERAL_CONVERSION = YES;
				CLANG_WARN_OBJC_ROOT_CLASS = YES_ERROR;
				CLANG_WARN_QUOTED_INCLUDE_IN_FRAMEWORK_HEADER = YES;
				CLANG_WARN_RANGE_LOOP_ANALYSIS = YES;
				CLANG_WARN_STRICT_PROTOTYPES = YES;
				CLANG_WARN_SUSPICIOUS_MOVE = YES;
				CLANG_WARN_UNGUARDED_AVAILABILITY = YES_AGGRESSIVE;
				CLANG_WARN_UNREACHABLE_CODE = YES;
				CLANG_WARN__DUPLICATE_METHOD_MATCH = YES;
				COPY_PHASE_STRIP = NO;
				DEBUG_INFORMATION_FORMAT = "dwarf-with-dsym";
				ENABLE_NS_ASSERTIONS = NO;
				ENABLE_STRICT_OBJC_MSGSEND = YES;
				GCC_C_LANGUAGE_STANDARD = gnu11;
				GCC_NO_COMMON_BLOCKS = YES;
				GCC_WARN_64_TO_32_BIT_CONVERSION = YES;
				GCC_WARN_ABOUT_RETURN_TYPE = YES_ERROR;
				GCC_WARN_UNDECLARED_SELECTOR = YES;
				GCC_WARN_UNINITIALIZED_AUTOS = YES_AGGRESSIVE;
				GCC_WARN_UNUSED_FUNCTION = YES;
				GCC_WARN_UNUSED_VARIABLE = YES;
				IPHONEOS_DEPLOYMENT_TARGET = 15.5;
				MTL_ENABLE_DEBUG_INFO = NO;
				MTL_FAST_MATH = YES;
				SDKROOT = iphoneos;
				SWIFT_COMPILATION_MODE = wholemodule;
				SWIFT_OPTIMIZATION_LEVEL = "-O";
				VALIDATE_PRODUCT = YES;
			};
			name = Release;
		};
		AF919C6428E9A8A900FE36C8 /* Debug */ = {
			isa = XCBuildConfiguration;
			buildSettings = {
				ASSETCATALOG_COMPILER_APPICON_NAME = AppIcon;
				ASSETCATALOG_COMPILER_GLOBAL_ACCENT_COLOR_NAME = AccentColor;
				CODE_SIGN_STYLE = Automatic;
				CURRENT_PROJECT_VERSION = 1;
				DEVELOPMENT_ASSET_PATHS = "\"Hacker News/Preview Content\"";
				DEVELOPMENT_TEAM = H4G2J5WXVR;
				ENABLE_PREVIEWS = YES;
				GENERATE_INFOPLIST_FILE = YES;
				INFOPLIST_KEY_UIApplicationSceneManifest_Generation = YES;
				INFOPLIST_KEY_UIApplicationSupportsIndirectInputEvents = YES;
				INFOPLIST_KEY_UILaunchScreen_Generation = YES;
				INFOPLIST_KEY_UISupportedInterfaceOrientations_iPad = "UIInterfaceOrientationPortrait UIInterfaceOrientationPortraitUpsideDown UIInterfaceOrientationLandscapeLeft UIInterfaceOrientationLandscapeRight";
				INFOPLIST_KEY_UISupportedInterfaceOrientations_iPhone = "UIInterfaceOrientationPortrait UIInterfaceOrientationLandscapeLeft UIInterfaceOrientationLandscapeRight";
				LD_RUNPATH_SEARCH_PATHS = (
					"$(inherited)",
					"@executable_path/Frameworks",
				);
				MARKETING_VERSION = 1.0;
				PRODUCT_BUNDLE_IDENTIFIER = "btarcann.Hacker-News";
				PRODUCT_NAME = "$(TARGET_NAME)";
				SWIFT_EMIT_LOC_STRINGS = YES;
				SWIFT_VERSION = 5.0;
				TARGETED_DEVICE_FAMILY = "1,2";
			};
			name = Debug;
		};
		AF919C6528E9A8A900FE36C8 /* Release */ = {
			isa = XCBuildConfiguration;
			buildSettings = {
				ASSETCATALOG_COMPILER_APPICON_NAME = AppIcon;
				ASSETCATALOG_COMPILER_GLOBAL_ACCENT_COLOR_NAME = AccentColor;
				CODE_SIGN_STYLE = Automatic;
				CURRENT_PROJECT_VERSION = 1;
				DEVELOPMENT_ASSET_PATHS = "\"Hacker News/Preview Content\"";
				DEVELOPMENT_TEAM = H4G2J5WXVR;
				ENABLE_PREVIEWS = YES;
				GENERATE_INFOPLIST_FILE = YES;
				INFOPLIST_KEY_UIApplicationSceneManifest_Generation = YES;
				INFOPLIST_KEY_UIApplicationSupportsIndirectInputEvents = YES;
				INFOPLIST_KEY_UILaunchScreen_Generation = YES;
				INFOPLIST_KEY_UISupportedInterfaceOrientations_iPad = "UIInterfaceOrientationPortrait UIInterfaceOrientationPortraitUpsideDown UIInterfaceOrientationLandscapeLeft UIInterfaceOrientationLandscapeRight";
				INFOPLIST_KEY_UISupportedInterfaceOrientations_iPhone = "UIInterfaceOrientationPortrait UIInterfaceOrientationLandscapeLeft UIInterfaceOrientationLandscapeRight";
				LD_RUNPATH_SEARCH_PATHS = (
					"$(inherited)",
					"@executable_path/Frameworks",
				);
				MARKETING_VERSION = 1.0;
				PRODUCT_BUNDLE_IDENTIFIER = "btarcann.Hacker-News";
				PRODUCT_NAME = "$(TARGET_NAME)";
				SWIFT_EMIT_LOC_STRINGS = YES;
				SWIFT_VERSION = 5.0;
				TARGETED_DEVICE_FAMILY = "1,2";
			};
			name = Release;
		};
		AF919C6728E9A8A900FE36C8 /* Debug */ = {
			isa = XCBuildConfiguration;
			buildSettings = {
				ALWAYS_EMBED_SWIFT_STANDARD_LIBRARIES = YES;
				BUNDLE_LOADER = "$(TEST_HOST)";
				CODE_SIGN_STYLE = Automatic;
				CURRENT_PROJECT_VERSION = 1;
				DEVELOPMENT_TEAM = H4G2J5WXVR;
				GENERATE_INFOPLIST_FILE = YES;
				IPHONEOS_DEPLOYMENT_TARGET = 15.5;
				MARKETING_VERSION = 1.0;
				PRODUCT_BUNDLE_IDENTIFIER = "btarcann.Hacker-NewsTests";
				PRODUCT_NAME = "$(TARGET_NAME)";
				SWIFT_EMIT_LOC_STRINGS = NO;
				SWIFT_VERSION = 5.0;
				TARGETED_DEVICE_FAMILY = "1,2";
				TEST_HOST = "$(BUILT_PRODUCTS_DIR)/Hacker News.app/Hacker News";
			};
			name = Debug;
		};
		AF919C6828E9A8A900FE36C8 /* Release */ = {
			isa = XCBuildConfiguration;
			buildSettings = {
				ALWAYS_EMBED_SWIFT_STANDARD_LIBRARIES = YES;
				BUNDLE_LOADER = "$(TEST_HOST)";
				CODE_SIGN_STYLE = Automatic;
				CURRENT_PROJECT_VERSION = 1;
				DEVELOPMENT_TEAM = H4G2J5WXVR;
				GENERATE_INFOPLIST_FILE = YES;
				IPHONEOS_DEPLOYMENT_TARGET = 15.5;
				MARKETING_VERSION = 1.0;
				PRODUCT_BUNDLE_IDENTIFIER = "btarcann.Hacker-NewsTests";
				PRODUCT_NAME = "$(TARGET_NAME)";
				SWIFT_EMIT_LOC_STRINGS = NO;
				SWIFT_VERSION = 5.0;
				TARGETED_DEVICE_FAMILY = "1,2";
				TEST_HOST = "$(BUILT_PRODUCTS_DIR)/Hacker News.app/Hacker News";
			};
			name = Release;
		};
		AF919C6A28E9A8A900FE36C8 /* Debug */ = {
			isa = XCBuildConfiguration;
			buildSettings = {
				ALWAYS_EMBED_SWIFT_STANDARD_LIBRARIES = YES;
				CODE_SIGN_STYLE = Automatic;
				CURRENT_PROJECT_VERSION = 1;
				DEVELOPMENT_TEAM = H4G2J5WXVR;
				GENERATE_INFOPLIST_FILE = YES;
				MARKETING_VERSION = 1.0;
				PRODUCT_BUNDLE_IDENTIFIER = "btarcann.Hacker-NewsUITests";
				PRODUCT_NAME = "$(TARGET_NAME)";
				SWIFT_EMIT_LOC_STRINGS = NO;
				SWIFT_VERSION = 5.0;
				TARGETED_DEVICE_FAMILY = "1,2";
				TEST_TARGET_NAME = "Hacker News";
			};
			name = Debug;
		};
		AF919C6B28E9A8A900FE36C8 /* Release */ = {
			isa = XCBuildConfiguration;
			buildSettings = {
				ALWAYS_EMBED_SWIFT_STANDARD_LIBRARIES = YES;
				CODE_SIGN_STYLE = Automatic;
				CURRENT_PROJECT_VERSION = 1;
				DEVELOPMENT_TEAM = H4G2J5WXVR;
				GENERATE_INFOPLIST_FILE = YES;
				MARKETING_VERSION = 1.0;
				PRODUCT_BUNDLE_IDENTIFIER = "btarcann.Hacker-NewsUITests";
				PRODUCT_NAME = "$(TARGET_NAME)";
				SWIFT_EMIT_LOC_STRINGS = NO;
				SWIFT_VERSION = 5.0;
				TARGETED_DEVICE_FAMILY = "1,2";
				TEST_TARGET_NAME = "Hacker News";
			};
			name = Release;
		};
/* End XCBuildConfiguration section */

/* Begin XCConfigurationList section */
		AF919C3A28E9A8A800FE36C8 /* Build configuration list for PBXProject "Hacker News" */ = {
			isa = XCConfigurationList;
			buildConfigurations = (
				AF919C6128E9A8A900FE36C8 /* Debug */,
				AF919C6228E9A8A900FE36C8 /* Release */,
			);
			defaultConfigurationIsVisible = 0;
			defaultConfigurationName = Release;
		};
		AF919C6328E9A8A900FE36C8 /* Build configuration list for PBXNativeTarget "Hacker News" */ = {
			isa = XCConfigurationList;
			buildConfigurations = (
				AF919C6428E9A8A900FE36C8 /* Debug */,
				AF919C6528E9A8A900FE36C8 /* Release */,
			);
			defaultConfigurationIsVisible = 0;
			defaultConfigurationName = Release;
		};
		AF919C6628E9A8A900FE36C8 /* Build configuration list for PBXNativeTarget "Hacker NewsTests" */ = {
			isa = XCConfigurationList;
			buildConfigurations = (
				AF919C6728E9A8A900FE36C8 /* Debug */,
				AF919C6828E9A8A900FE36C8 /* Release */,
			);
			defaultConfigurationIsVisible = 0;
			defaultConfigurationName = Release;
		};
		AF919C6928E9A8A900FE36C8 /* Build configuration list for PBXNativeTarget "Hacker NewsUITests" */ = {
			isa = XCConfigurationList;
			buildConfigurations = (
				AF919C6A28E9A8A900FE36C8 /* Debug */,
				AF919C6B28E9A8A900FE36C8 /* Release */,
			);
			defaultConfigurationIsVisible = 0;
			defaultConfigurationName = Release;
		};
/* End XCConfigurationList section */
	};
	rootObject = AF919C3728E9A8A800FE36C8 /* Project object */;
}
